
Microsoft Visual Studio Solution File, Format Version 12.00
# Visual Studio Version 17
VisualStudioVersion = 17.7.34202.233
MinimumVisualStudioVersion = 10.0.40219.1
Project("{FAE04EC0-301F-11D3-BF4B-00C04F79EFBC}") = "rock,papwin", "rock,papwin.csproj", "{FB35A5F0-E3BD-485C-A6EE-9815F504F393}"
EndProject
Global
	GlobalSection(SolutionConfigurationPlatforms) = preSolution
		Debug|Any CPU = Debug|Any CPU
		Release|Any CPU = Release|Any CPU
	EndGlobalSection
	GlobalSection(ProjectConfigurationPlatforms) = postSolution
		{FB35A5F0-E3BD-485C-A6EE-9815F504F393}.Debug|Any CPU.ActiveCfg = Debug|Any CPU
		{FB35A5F0-E3BD-485C-A6EE-9815F504F393}.Debug|Any CPU.Build.0 = Debug|Any CPU
		{FB35A5F0-E3BD-485C-A6EE-9815F504F393}.Release|Any CPU.ActiveCfg = Release|Any CPU
		{FB35A5F0-E3BD-485C-A6EE-9815F504F393}.Release|Any CPU.Build.0 = Release|Any CPU
	EndGlobalSection
	GlobalSection(SolutionProperties) = preSolution
		HideSolutionNode = FALSE
	EndGlobalSection
	GlobalSection(ExtensibilityGlobals) = postSolution
		SolutionGuid = {2A3A716F-9B1A-47BA-B6E4-FCEFAE297D42}
	EndGlobalSection
EndGlobal
